// !$*UTF8*$!
{
	archiveVersion = 1;
	classes = {
	};
	objectVersion = 77;
	objects = {

/* Begin PBXContainerItemProxy section */
		CDCE3AD12D054FF500EB0F42 /* PBXContainerItemProxy */ = {
			isa = PBXContainerItemProxy;
			containerPortal = CDCE3AB82D054FF300EB0F42 /* Project object */;
			proxyType = 1;
			remoteGlobalIDString = CDCE3ABF2D054FF300EB0F42;
			remoteInfo = "landmark-swiftUI";
		};
		CDCE3ADB2D054FF500EB0F42 /* PBXContainerItemProxy */ = {
			isa = PBXContainerItemProxy;
			containerPortal = CDCE3AB82D054FF300EB0F42 /* Project object */;
			proxyType = 1;
			remoteGlobalIDString = CDCE3ABF2D054FF300EB0F42;
			remoteInfo = "landmark-swiftUI";
		};
/* End PBXContainerItemProxy section */

/* Begin PBXFileReference section */
		CDCE3AC02D054FF300EB0F42 /* landmark-swiftUI.app */ = {isa = PBXFileReference; explicitFileType = wrapper.application; includeInIndex = 0; path = "landmark-swiftUI.app"; sourceTree = BUILT_PRODUCTS_DIR; };
		CDCE3AD02D054FF500EB0F42 /* landmark-swiftUITests.xctest */ = {isa = PBXFileReference; explicitFileType = wrapper.cfbundle; includeInIndex = 0; path = "landmark-swiftUITests.xctest"; sourceTree = BUILT_PRODUCTS_DIR; };
		CDCE3ADA2D054FF500EB0F42 /* landmark-swiftUIUITests.xctest */ = {isa = PBXFileReference; explicitFileType = wrapper.cfbundle; includeInIndex = 0; path = "landmark-swiftUIUITests.xctest"; sourceTree = BUILT_PRODUCTS_DIR; };
/* End PBXFileReference section */

/* Begin PBXFileSystemSynchronizedRootGroup section */
		CDCE3AC22D054FF300EB0F42 /* landmark-swiftUI */ = {
			isa = PBXFileSystemSynchronizedRootGroup;
			path = "landmark-swiftUI";
			sourceTree = "<group>";
		};
		CDCE3AD32D054FF500EB0F42 /* landmark-swiftUITests */ = {
			isa = PBXFileSystemSynchronizedRootGroup;
			path = "landmark-swiftUITests";
			sourceTree = "<group>";
		};
		CDCE3ADD2D054FF500EB0F42 /* landmark-swiftUIUITests */ = {
			isa = PBXFileSystemSynchronizedRootGroup;
			path = "landmark-swiftUIUITests";
			sourceTree = "<group>";
		};
/* End PBXFileSystemSynchronizedRootGroup section */

/* Begin PBXFrameworksBuildPhase section */
		CDCE3ABD2D054FF300EB0F42 /* Frameworks */ = {
			isa = PBXFrameworksBuildPhase;
			buildActionMask = 2147483647;
			files = (
			);
			runOnlyForDeploymentPostprocessing = 0;
		};
		CDCE3ACD2D054FF500EB0F42 /* Frameworks */ = {
			isa = PBXFrameworksBuildPhase;
			buildActionMask = 2147483647;
			files = (
			);
			runOnlyForDeploymentPostprocessing = 0;
		};
		CDCE3AD72D054FF500EB0F42 /* Frameworks */ = {
			isa = PBXFrameworksBuildPhase;
			buildActionMask = 2147483647;
			files = (
			);
			runOnlyForDeploymentPostprocessing = 0;
		};
/* End PBXFrameworksBuildPhase section */

/* Begin PBXGroup section */
		CDCE3AB72D054FF300EB0F42 = {
			isa = PBXGroup;
			children = (
				CDCE3AC22D054FF300EB0F42 /* landmark-swiftUI */,
				CDCE3AD32D054FF500EB0F42 /* landmark-swiftUITests */,
				CDCE3ADD2D054FF500EB0F42 /* landmark-swiftUIUITests */,
				CDCE3AC12D054FF300EB0F42 /* Products */,
			);
			sourceTree = "<group>";
		};
		CDCE3AC12D054FF300EB0F42 /* Products */ = {
			isa = PBXGroup;
			children = (
				CDCE3AC02D054FF300EB0F42 /* landmark-swiftUI.app */,
				CDCE3AD02D054FF500EB0F42 /* landmark-swiftUITests.xctest */,
				CDCE3ADA2D054FF500EB0F42 /* landmark-swiftUIUITests.xctest */,
			);
			name = Products;
			sourceTree = "<group>";
		};
/* End PBXGroup section */

/* Begin PBXNativeTarget section */
		CDCE3ABF2D054FF300EB0F42 /* landmark-swiftUI */ = {
			isa = PBXNativeTarget;
			buildConfigurationList = CDCE3AE42D054FF500EB0F42 /* Build configuration list for PBXNativeTarget "landmark-swiftUI" */;
			buildPhases = (
				CDCE3ABC2D054FF300EB0F42 /* Sources */,
				CDCE3ABD2D054FF300EB0F42 /* Frameworks */,
				CDCE3ABE2D054FF300EB0F42 /* Resources */,
			);
			buildRules = (
			);
			dependencies = (
			);
			fileSystemSynchronizedGroups = (
				CDCE3AC22D054FF300EB0F42 /* landmark-swiftUI */,
			);
			name = "landmark-swiftUI";
			packageProductDependencies = (
			);
			productName = "landmark-swiftUI";
			productReference = CDCE3AC02D054FF300EB0F42 /* landmark-swiftUI.app */;
			productType = "com.apple.product-type.application";
		};
		CDCE3ACF2D054FF500EB0F42 /* landmark-swiftUITests */ = {
			isa = PBXNativeTarget;
			buildConfigurationList = CDCE3AE72D054FF500EB0F42 /* Build configuration list for PBXNativeTarget "landmark-swiftUITests" */;
			buildPhases = (
				CDCE3ACC2D054FF500EB0F42 /* Sources */,
				CDCE3ACD2D054FF500EB0F42 /* Frameworks */,
				CDCE3ACE2D054FF500EB0F42 /* Resources */,
			);
			buildRules = (
			);
			dependencies = (
				CDCE3AD22D054FF500EB0F42 /* PBXTargetDependency */,
			);
			fileSystemSynchronizedGroups = (
				CDCE3AD32D054FF500EB0F42 /* landmark-swiftUITests */,
			);
			name = "landmark-swiftUITests";
			packageProductDependencies = (
			);
			productName = "landmark-swiftUITests";
			productReference = CDCE3AD02D054FF500EB0F42 /* landmark-swiftUITests.xctest */;
			productType = "com.apple.product-type.bundle.unit-test";
		};
		CDCE3AD92D054FF500EB0F42 /* landmark-swiftUIUITests */ = {
			isa = PBXNativeTarget;
			buildConfigurationList = CDCE3AEA2D054FF500EB0F42 /* Build configuration list for PBXNativeTarget "landmark-swiftUIUITests" */;
			buildPhases = (
				CDCE3AD62D054FF500EB0F42 /* Sources */,
				CDCE3AD72D054FF500EB0F42 /* Frameworks */,
				CDCE3AD82D054FF500EB0F42 /* Resources */,
			);
			buildRules = (
			);
			dependencies = (
				CDCE3ADC2D054FF500EB0F42 /* PBXTargetDependency */,
			);
			fileSystemSynchronizedGroups = (
				CDCE3ADD2D054FF500EB0F42 /* landmark-swiftUIUITests */,
			);
			name = "landmark-swiftUIUITests";
			packageProductDependencies = (
			);
			productName = "landmark-swiftUIUITests";
			productReference = CDCE3ADA2D054FF500EB0F42 /* landmark-swiftUIUITests.xctest */;
			productType = "com.apple.product-type.bundle.ui-testing";
		};
/* End PBXNativeTarget section */

/* Begin PBXProject section */
		CDCE3AB82D054FF300EB0F42 /* Project object */ = {
			isa = PBXProject;
			attributes = {
				BuildIndependentTargetsInParallel = 1;
				LastSwiftUpdateCheck = 1610;
				LastUpgradeCheck = 1610;
				TargetAttributes = {
					CDCE3ABF2D054FF300EB0F42 = {
						CreatedOnToolsVersion = 16.1;
					};
					CDCE3ACF2D054FF500EB0F42 = {
						CreatedOnToolsVersion = 16.1;
						TestTargetID = CDCE3ABF2D054FF300EB0F42;
					};
					CDCE3AD92D054FF500EB0F42 = {
						CreatedOnToolsVersion = 16.1;
						TestTargetID = CDCE3ABF2D054FF300EB0F42;
					};
				};
			};
			buildConfigurationList = CDCE3ABB2D054FF300EB0F42 /* Build configuration list for PBXProject "landmark-swiftUI" */;
			developmentRegion = en;
			hasScannedForEncodings = 0;
			knownRegions = (
				en,
				Base,
			);
			mainGroup = CDCE3AB72D054FF300EB0F42;
			minimizedProjectReferenceProxies = 1;
			preferredProjectObjectVersion = 77;
			productRefGroup = CDCE3AC12D054FF300EB0F42 /* Products */;
			projectDirPath = "";
			projectRoot = "";
			targets = (
				CDCE3ABF2D054FF300EB0F42 /* landmark-swiftUI */,
				CDCE3ACF2D054FF500EB0F42 /* landmark-swiftUITests */,
				CDCE3AD92D054FF500EB0F42 /* landmark-swiftUIUITests */,
			);
		};
/* End PBXProject section */

/* Begin PBXResourcesBuildPhase section */
		CDCE3ABE2D054FF300EB0F42 /* Resources */ = {
			isa = PBXResourcesBuildPhase;
			buildActionMask = 2147483647;
			files = (
			);
			runOnlyForDeploymentPostprocessing = 0;
		};
		CDCE3ACE2D054FF500EB0F42 /* Resources */ = {
			isa = PBXResourcesBuildPhase;
			buildActionMask = 2147483647;
			files = (
			);
			runOnlyForDeploymentPostprocessing = 0;
		};
		CDCE3AD82D054FF500EB0F42 /* Resources */ = {
			isa = PBXResourcesBuildPhase;
			buildActionMask = 2147483647;
			files = (
			);
			runOnlyForDeploymentPostprocessing = 0;
		};
/* End PBXResourcesBuildPhase section */

/* Begin PBXSourcesBuildPhase section */
		CDCE3ABC2D054FF300EB0F42 /* Sources */ = {
			isa = PBXSourcesBuildPhase;
			buildActionMask = 2147483647;
			files = (
			);
			runOnlyForDeploymentPostprocessing = 0;
		};
		CDCE3ACC2D054FF500EB0F42 /* Sources */ = {
			isa = PBXSourcesBuildPhase;
			buildActionMask = 2147483647;
			files = (
			);
			runOnlyForDeploymentPostprocessing = 0;
		};
		CDCE3AD62D054FF500EB0F42 /* Sources */ = {
			isa = PBXSourcesBuildPhase;
			buildActionMask = 2147483647;
			files = (
			);
			runOnlyForDeploymentPostprocessing = 0;
		};
/* End PBXSourcesBuildPhase section */

/* Begin PBXTargetDependency section */
		CDCE3AD22D054FF500EB0F42 /* PBXTargetDependency */ = {
			isa = PBXTargetDependency;
			target = CDCE3ABF2D054FF300EB0F42 /* landmark-swiftUI */;
			targetProxy = CDCE3AD12D054FF500EB0F42 /* PBXContainerItemProxy */;
		};
		CDCE3ADC2D054FF500EB0F42 /* PBXTargetDependency */ = {
			isa = PBXTargetDependency;
			target = CDCE3ABF2D054FF300EB0F42 /* landmark-swiftUI */;
			targetProxy = CDCE3ADB2D054FF500EB0F42 /* PBXContainerItemProxy */;
		};
/* End PBXTargetDependency section */

/* Begin XCBuildConfiguration section */
		CDCE3AE22D054FF500EB0F42 /* Debug */ = {
			isa = XCBuildConfiguration;
			buildSettings = {
				ALWAYS_SEARCH_USER_PATHS = NO;
				ASSETCATALOG_COMPILER_GENERATE_SWIFT_ASSET_SYMBOL_EXTENSIONS = YES;
				CLANG_ANALYZER_NONNULL = YES;
				CLANG_ANALYZER_NUMBER_OBJECT_CONVERSION = YES_AGGRESSIVE;
				CLANG_CXX_LANGUAGE_STANDARD = "gnu++20";
				CLANG_ENABLE_MODULES = YES;
				CLANG_ENABLE_OBJC_ARC = YES;
				CLANG_ENABLE_OBJC_WEAK = YES;
				CLANG_WARN_BLOCK_CAPTURE_AUTORELEASING = YES;
				CLANG_WARN_BOOL_CONVERSION = YES;
				CLANG_WARN_COMMA = YES;
				CLANG_WARN_CONSTANT_CONVERSION = YES;
				CLANG_WARN_DEPRECATED_OBJC_IMPLEMENTATIONS = YES;
				CLANG_WARN_DIRECT_OBJC_ISA_USAGE = YES_ERROR;
				CLANG_WARN_DOCUMENTATION_COMMENTS = YES;
				CLANG_WARN_EMPTY_BODY = YES;
				CLANG_WARN_ENUM_CONVERSION = YES;
				CLANG_WARN_INFINITE_RECURSION = YES;
				CLANG_WARN_INT_CONVERSION = YES;
				CLANG_WARN_NON_LITERAL_NULL_CONVERSION = YES;
				CLANG_WARN_OBJC_IMPLICIT_RETAIN_SELF = YES;
				CLANG_WARN_OBJC_LITERAL_CONVERSION = YES;
				CLANG_WARN_OBJC_ROOT_CLASS = YES_ERROR;
				CLANG_WARN_QUOTED_INCLUDE_IN_FRAMEWORK_HEADER = YES;
				CLANG_WARN_RANGE_LOOP_ANALYSIS = YES;
				CLANG_WARN_STRICT_PROTOTYPES = YES;
				CLANG_WARN_SUSPICIOUS_MOVE = YES;
				CLANG_WARN_UNGUARDED_AVAILABILITY = YES_AGGRESSIVE;
				CLANG_WARN_UNREACHABLE_CODE = YES;
				CLANG_WARN__DUPLICATE_METHOD_MATCH = YES;
				COPY_PHASE_STRIP = NO;
				DEBUG_INFORMATION_FORMAT = dwarf;
				ENABLE_STRICT_OBJC_MSGSEND = YES;
				ENABLE_TESTABILITY = YES;
				ENABLE_USER_SCRIPT_SANDBOXING = YES;
				GCC_C_LANGUAGE_STANDARD = gnu17;
				GCC_DYNAMIC_NO_PIC = NO;
				GCC_NO_COMMON_BLOCKS = YES;
				GCC_OPTIMIZATION_LEVEL = 0;
				GCC_PREPROCESSOR_DEFINITIONS = (
					"DEBUG=1",
					"$(inherited)",
				);
				GCC_WARN_64_TO_32_BIT_CONVERSION = YES;
				GCC_WARN_ABOUT_RETURN_TYPE = YES_ERROR;
				GCC_WARN_UNDECLARED_SELECTOR = YES;
				GCC_WARN_UNINITIALIZED_AUTOS = YES_AGGRESSIVE;
				GCC_WARN_UNUSED_FUNCTION = YES;
				GCC_WARN_UNUSED_VARIABLE = YES;
				IPHONEOS_DEPLOYMENT_TARGET = 18.1;
				LOCALIZATION_PREFERS_STRING_CATALOGS = YES;
				MTL_ENABLE_DEBUG_INFO = INCLUDE_SOURCE;
				MTL_FAST_MATH = YES;
				ONLY_ACTIVE_ARCH = YES;
				SDKROOT = iphoneos;
				SWIFT_ACTIVE_COMPILATION_CONDITIONS = "DEBUG $(inherited)";
				SWIFT_OPTIMIZATION_LEVEL = "-Onone";
			};
			name = Debug;
		};
		CDCE3AE32D054FF500EB0F42 /* Release */ = {
			isa = XCBuildConfiguration;
			buildSettings = {
				ALWAYS_SEARCH_USER_PATHS = NO;
				ASSETCATALOG_COMPILER_GENERATE_SWIFT_ASSET_SYMBOL_EXTENSIONS = YES;
				CLANG_ANALYZER_NONNULL = YES;
				CLANG_ANALYZER_NUMBER_OBJECT_CONVERSION = YES_AGGRESSIVE;
				CLANG_CXX_LANGUAGE_STANDARD = "gnu++20";
				CLANG_ENABLE_MODULES = YES;
				CLANG_ENABLE_OBJC_ARC = YES;
				CLANG_ENABLE_OBJC_WEAK = YES;
				CLANG_WARN_BLOCK_CAPTURE_AUTORELEASING = YES;
				CLANG_WARN_BOOL_CONVERSION = YES;
				CLANG_WARN_COMMA = YES;
				CLANG_WARN_CONSTANT_CONVERSION = YES;
				CLANG_WARN_DEPRECATED_OBJC_IMPLEMENTATIONS = YES;
				CLANG_WARN_DIRECT_OBJC_ISA_USAGE = YES_ERROR;
				CLANG_WARN_DOCUMENTATION_COMMENTS = YES;
				CLANG_WARN_EMPTY_BODY = YES;
				CLANG_WARN_ENUM_CONVERSION = YES;
				CLANG_WARN_INFINITE_RECURSION = YES;
				CLANG_WARN_INT_CONVERSION = YES;
				CLANG_WARN_NON_LITERAL_NULL_CONVERSION = YES;
				CLANG_WARN_OBJC_IMPLICIT_RETAIN_SELF = YES;
				CLANG_WARN_OBJC_LITERAL_CONVERSION = YES;
				CLANG_WARN_OBJC_ROOT_CLASS = YES_ERROR;
				CLANG_WARN_QUOTED_INCLUDE_IN_FRAMEWORK_HEADER = YES;
				CLANG_WARN_RANGE_LOOP_ANALYSIS = YES;
				CLANG_WARN_STRICT_PROTOTYPES = YES;
				CLANG_WARN_SUSPICIOUS_MOVE = YES;
				CLANG_WARN_UNGUARDED_AVAILABILITY = YES_AGGRESSIVE;
				CLANG_WARN_UNREACHABLE_CODE = YES;
				CLANG_WARN__DUPLICATE_METHOD_MATCH = YES;
				COPY_PHASE_STRIP = NO;
				DEBUG_INFORMATION_FORMAT = "dwarf-with-dsym";
				ENABLE_NS_ASSERTIONS = NO;
				ENABLE_STRICT_OBJC_MSGSEND = YES;
				ENABLE_USER_SCRIPT_SANDBOXING = YES;
				GCC_C_LANGUAGE_STANDARD = gnu17;
				GCC_NO_COMMON_BLOCKS = YES;
				GCC_WARN_64_TO_32_BIT_CONVERSION = YES;
				GCC_WARN_ABOUT_RETURN_TYPE = YES_ERROR;
				GCC_WARN_UNDECLARED_SELECTOR = YES;
				GCC_WARN_UNINITIALIZED_AUTOS = YES_AGGRESSIVE;
				GCC_WARN_UNUSED_FUNCTION = YES;
				GCC_WARN_UNUSED_VARIABLE = YES;
				IPHONEOS_DEPLOYMENT_TARGET = 18.1;
				LOCALIZATION_PREFERS_STRING_CATALOGS = YES;
				MTL_ENABLE_DEBUG_INFO = NO;
				MTL_FAST_MATH = YES;
				SDKROOT = iphoneos;
				SWIFT_COMPILATION_MODE = wholemodule;
				VALIDATE_PRODUCT = YES;
			};
			name = Release;
		};
		CDCE3AE52D054FF500EB0F42 /* Debug */ = {
			isa = XCBuildConfiguration;
			buildSettings = {
				ASSETCATALOG_COMPILER_APPICON_NAME = AppIcon;
				ASSETCATALOG_COMPILER_GLOBAL_ACCENT_COLOR_NAME = AccentColor;
				CODE_SIGN_STYLE = Automatic;
				CURRENT_PROJECT_VERSION = 1;
				DEVELOPMENT_ASSET_PATHS = "\"landmark-swiftUI/Preview Content\"";
				ENABLE_PREVIEWS = YES;
				GENERATE_INFOPLIST_FILE = YES;
				INFOPLIST_KEY_UIApplicationSceneManifest_Generation = YES;
				INFOPLIST_KEY_UIApplicationSupportsIndirectInputEvents = YES;
				INFOPLIST_KEY_UILaunchScreen_Generation = YES;
				INFOPLIST_KEY_UISupportedInterfaceOrientations_iPad = "UIInterfaceOrientationPortrait UIInterfaceOrientationPortraitUpsideDown UIInterfaceOrientationLandscapeLeft UIInterfaceOrientationLandscapeRight";
				INFOPLIST_KEY_UISupportedInterfaceOrientations_iPhone = "UIInterfaceOrientationPortrait UIInterfaceOrientationLandscapeLeft UIInterfaceOrientationLandscapeRight";
				LD_RUNPATH_SEARCH_PATHS = (
					"$(inherited)",
					"@executable_path/Frameworks",
				);
				MARKETING_VERSION = 1.0;
				PRODUCT_BUNDLE_IDENTIFIER = "com.timsloncz.landmark-swiftUI";
				PRODUCT_NAME = "$(TARGET_NAME)";
				SWIFT_EMIT_LOC_STRINGS = YES;
				SWIFT_VERSION = 5.0;
				TARGETED_DEVICE_FAMILY = "1,2";
			};
			name = Debug;
		};
		CDCE3AE62D054FF500EB0F42 /* Release */ = {
			isa = XCBuildConfiguration;
			buildSettings = {
				ASSETCATALOG_COMPILER_APPICON_NAME = AppIcon;
				ASSETCATALOG_COMPILER_GLOBAL_ACCENT_COLOR_NAME = AccentColor;
				CODE_SIGN_STYLE = Automatic;
				CURRENT_PROJECT_VERSION = 1;
				DEVELOPMENT_ASSET_PATHS = "\"landmark-swiftUI/Preview Content\"";
				ENABLE_PREVIEWS = YES;
				GENERATE_INFOPLIST_FILE = YES;
				INFOPLIST_KEY_UIApplicationSceneManifest_Generation = YES;
				INFOPLIST_KEY_UIApplicationSupportsIndirectInputEvents = YES;
				INFOPLIST_KEY_UILaunchScreen_Generation = YES;
				INFOPLIST_KEY_UISupportedInterfaceOrientations_iPad = "UIInterfaceOrientationPortrait UIInterfaceOrientationPortraitUpsideDown UIInterfaceOrientationLandscapeLeft UIInterfaceOrientationLandscapeRight";
				INFOPLIST_KEY_UISupportedInterfaceOrientations_iPhone = "UIInterfaceOrientationPortrait UIInterfaceOrientationLandscapeLeft UIInterfaceOrientationLandscapeRight";
				LD_RUNPATH_SEARCH_PATHS = (
					"$(inherited)",
					"@executable_path/Frameworks",
				);
				MARKETING_VERSION = 1.0;
				PRODUCT_BUNDLE_IDENTIFIER = "com.timsloncz.landmark-swiftUI";
				PRODUCT_NAME = "$(TARGET_NAME)";
				SWIFT_EMIT_LOC_STRINGS = YES;
				SWIFT_VERSION = 5.0;
				TARGETED_DEVICE_FAMILY = "1,2";
			};
			name = Release;
		};
		CDCE3AE82D054FF500EB0F42 /* Debug */ = {
			isa = XCBuildConfiguration;
			buildSettings = {
				BUNDLE_LOADER = "$(TEST_HOST)";
				CODE_SIGN_STYLE = Automatic;
				CURRENT_PROJECT_VERSION = 1;
				GENERATE_INFOPLIST_FILE = YES;
				IPHONEOS_DEPLOYMENT_TARGET = 18.1;
				MARKETING_VERSION = 1.0;
				PRODUCT_BUNDLE_IDENTIFIER = "com.timsloncz.landmark-swiftUITests";
				PRODUCT_NAME = "$(TARGET_NAME)";
				SWIFT_EMIT_LOC_STRINGS = NO;
				SWIFT_VERSION = 5.0;
				TARGETED_DEVICE_FAMILY = "1,2";
				TEST_HOST = "$(BUILT_PRODUCTS_DIR)/landmark-swiftUI.app/$(BUNDLE_EXECUTABLE_FOLDER_PATH)/landmark-swiftUI";
			};
			name = Debug;
		};
		CDCE3AE92D054FF500EB0F42 /* Release */ = {
			isa = XCBuildConfiguration;
			buildSettings = {
				BUNDLE_LOADER = "$(TEST_HOST)";
				CODE_SIGN_STYLE = Automatic;
				CURRENT_PROJECT_VERSION = 1;
				GENERATE_INFOPLIST_FILE = YES;
				IPHONEOS_DEPLOYMENT_TARGET = 18.1;
				MARKETING_VERSION = 1.0;
				PRODUCT_BUNDLE_IDENTIFIER = "com.timsloncz.landmark-swiftUITests";
				PRODUCT_NAME = "$(TARGET_NAME)";
				SWIFT_EMIT_LOC_STRINGS = NO;
				SWIFT_VERSION = 5.0;
				TARGETED_DEVICE_FAMILY = "1,2";
				TEST_HOST = "$(BUILT_PRODUCTS_DIR)/landmark-swiftUI.app/$(BUNDLE_EXECUTABLE_FOLDER_PATH)/landmark-swiftUI";
			};
			name = Release;
		};
		CDCE3AEB2D054FF500EB0F42 /* Debug */ = {
			isa = XCBuildConfiguration;
			buildSettings = {
				CODE_SIGN_STYLE = Automatic;
				CURRENT_PROJECT_VERSION = 1;
				GENERATE_INFOPLIST_FILE = YES;
				MARKETING_VERSION = 1.0;
				PRODUCT_BUNDLE_IDENTIFIER = "com.timsloncz.landmark-swiftUIUITests";
				PRODUCT_NAME = "$(TARGET_NAME)";
				SWIFT_EMIT_LOC_STRINGS = NO;
				SWIFT_VERSION = 5.0;
				TARGETED_DEVICE_FAMILY = "1,2";
				TEST_TARGET_NAME = "landmark-swiftUI";
			};
			name = Debug;
		};
		CDCE3AEC2D054FF500EB0F42 /* Release */ = {
			isa = XCBuildConfiguration;
			buildSettings = {
				CODE_SIGN_STYLE = Automatic;
				CURRENT_PROJECT_VERSION = 1;
				GENERATE_INFOPLIST_FILE = YES;
				MARKETING_VERSION = 1.0;
				PRODUCT_BUNDLE_IDENTIFIER = "com.timsloncz.landmark-swiftUIUITests";
				PRODUCT_NAME = "$(TARGET_NAME)";
				SWIFT_EMIT_LOC_STRINGS = NO;
				SWIFT_VERSION = 5.0;
				TARGETED_DEVICE_FAMILY = "1,2";
				TEST_TARGET_NAME = "landmark-swiftUI";
			};
			name = Release;
		};
/* End XCBuildConfiguration section */

/* Begin XCConfigurationList section */
		CDCE3ABB2D054FF300EB0F42 /* Build configuration list for PBXProject "landmark-swiftUI" */ = {
			isa = XCConfigurationList;
			buildConfigurations = (
				CDCE3AE22D054FF500EB0F42 /* Debug */,
				CDCE3AE32D054FF500EB0F42 /* Release */,
			);
			defaultConfigurationIsVisible = 0;
			defaultConfigurationName = Release;
		};
		CDCE3AE42D054FF500EB0F42 /* Build configuration list for PBXNativeTarget "landmark-swiftUI" */ = {
			isa = XCConfigurationList;
			buildConfigurations = (
				CDCE3AE52D054FF500EB0F42 /* Debug */,
				CDCE3AE62D054FF500EB0F42 /* Release */,
			);
			defaultConfigurationIsVisible = 0;
			defaultConfigurationName = Release;
		};
		CDCE3AE72D054FF500EB0F42 /* Build configuration list for PBXNativeTarget "landmark-swiftUITests" */ = {
			isa = XCConfigurationList;
			buildConfigurations = (
				CDCE3AE82D054FF500EB0F42 /* Debug */,
				CDCE3AE92D054FF500EB0F42 /* Release */,
			);
			defaultConfigurationIsVisible = 0;
			defaultConfigurationName = Release;
		};
		CDCE3AEA2D054FF500EB0F42 /* Build configuration list for PBXNativeTarget "landmark-swiftUIUITests" */ = {
			isa = XCConfigurationList;
			buildConfigurations = (
				CDCE3AEB2D054FF500EB0F42 /* Debug */,
				CDCE3AEC2D054FF500EB0F42 /* Release */,
			);
			defaultConfigurationIsVisible = 0;
			defaultConfigurationName = Release;
		};
/* End XCConfigurationList section */
	};
	rootObject = CDCE3AB82D054FF300EB0F42 /* Project object */;
}
